{
  "name": "interactive",
  "version": "1.0.0",
  "lockfileVersion": 1,
  "requires": true,
  "dependencies": {
    "@types/d3": {
      "version": "5.0.0",
      "resolved": "https://registry.npmjs.org/@types/d3/-/d3-5.0.0.tgz",
      "integrity": "sha512-BVfPw7ha+UgsG24v6ymerMY4+pJgQ/6p+hJA4loCeaaqV9snGS/G6ReVaQEn8Himn67dWn/Je9WhRbnDO7MzLw==",
      "requires": {
        "@types/d3-array": "1.2.1",
        "@types/d3-axis": "1.0.9",
        "@types/d3-brush": "1.0.7",
        "@types/d3-chord": "1.0.6",
        "@types/d3-collection": "1.0.6",
        "@types/d3-color": "1.0.5",
        "@types/d3-contour": "1.2.1",
        "@types/d3-dispatch": "1.0.5",
        "@types/d3-drag": "1.2.0",
        "@types/d3-dsv": "1.0.31",
        "@types/d3-ease": "1.0.7",
        "@types/d3-fetch": "1.1.1",
        "@types/d3-force": "1.1.0",
        "@types/d3-format": "1.2.1",
        "@types/d3-geo": "1.10.0",
        "@types/d3-hierarchy": "1.1.0",
        "@types/d3-interpolate": "1.1.6",
        "@types/d3-path": "1.0.6",
        "@types/d3-polygon": "1.0.5",
        "@types/d3-quadtree": "1.0.5",
        "@types/d3-random": "1.1.0",
        "@types/d3-scale": "2.0.0",
        "@types/d3-scale-chromatic": "1.2.0",
        "@types/d3-selection": "1.3.0",
        "@types/d3-shape": "1.2.2",
        "@types/d3-time": "1.0.7",
        "@types/d3-time-format": "2.1.0",
        "@types/d3-timer": "1.0.6",
        "@types/d3-transition": "1.1.1",
        "@types/d3-voronoi": "1.1.7",
        "@types/d3-zoom": "1.7.0"
      }
    },
    "@types/d3-array": {
      "version": "1.2.1",
      "resolved": "https://registry.npmjs.org/@types/d3-array/-/d3-array-1.2.1.tgz",
      "integrity": "sha512-YBaAfimGdWE4nDuoGVKsH89/dkz2hWZ0i8qC+xxqmqi+XJ/aXiRF0jPtzXmN7VdkpVjy1xuDmM5/m1FNuB6VWA=="
    },
    "@types/d3-axis": {
      "version": "1.0.9",
      "resolved": "https://registry.npmjs.org/@types/d3-axis/-/d3-axis-1.0.9.tgz",
      "integrity": "sha512-fNUnI2a0F3xiE/nGrTdDpZG4sdcRIB4X59p9jgY8O7RQiKrVqyb433YCCYSqVID4CVyoq5v3bSFliUEk0FOMsw==",
      "requires": {
        "@types/d3-selection": "1.3.0"
      }
    },
    "@types/d3-brush": {
      "version": "1.0.7",
      "resolved": "https://registry.npmjs.org/@types/d3-brush/-/d3-brush-1.0.7.tgz",
      "integrity": "sha1-BcMEQPTVN/0j+Xaw5sS6IjAB70U=",
      "requires": {
        "@types/d3-selection": "1.3.0"
      }
    },
    "@types/d3-chord": {
      "version": "1.0.6",
      "resolved": "https://registry.npmjs.org/@types/d3-chord/-/d3-chord-1.0.6.tgz",
      "integrity": "sha1-BYnrl6MZH07a8Xt73kmEYokM4ew="
    },
    "@types/d3-collection": {
      "version": "1.0.6",
      "resolved": "https://registry.npmjs.org/@types/d3-collection/-/d3-collection-1.0.6.tgz",
      "integrity": "sha512-UHBvaU2wT5GlJN6rRVQm42211uAyZtp7m0jpQFuMuX7hTuivc0tcF0cjx5Ny5eQkhIolEyKwWgvJexw4e8g4+A=="
    },
    "@types/d3-color": {
      "version": "1.0.5",
      "resolved": "https://registry.npmjs.org/@types/d3-color/-/d3-color-1.0.5.tgz",
      "integrity": "sha1-ytdV8Pxt57cPpuXgivqB70wiSN4="
    },
    "@types/d3-contour": {
      "version": "1.2.1",
      "resolved": "https://registry.npmjs.org/@types/d3-contour/-/d3-contour-1.2.1.tgz",
      "integrity": "sha512-p8iC4KeVFyT3qRTGQRj0Jf5QDdPsDUevBEnma7gEsY1yDolVSLanG2eFAiLV+xj8/5DK7oU7Ey8z0drs3pbsug==",
      "requires": {
        "@types/d3-array": "1.2.1",
        "@types/geojson": "7946.0.2"
      }
    },
    "@types/d3-dispatch": {
      "version": "1.0.5",
      "resolved": "https://registry.npmjs.org/@types/d3-dispatch/-/d3-dispatch-1.0.5.tgz",
      "integrity": "sha1-8fkYe1OOywUVdWnY3C9w37BPG1I="
    },
    "@types/d3-drag": {
      "version": "1.2.0",
      "resolved": "https://registry.npmjs.org/@types/d3-drag/-/d3-drag-1.2.0.tgz",
      "integrity": "sha512-AePmm0sXj0Tpl0uQWvwmbAf1QR3yCy9aRhjJ9mRDDSZlHBdY0SCpUtdZC9uG9Q+pyHT/dEt1R2FT/sj+5k/bVA==",
      "requires": {
        "@types/d3-selection": "1.3.0"
      }
    },
    "@types/d3-dsv": {
      "version": "1.0.31",
      "resolved": "https://registry.npmjs.org/@types/d3-dsv/-/d3-dsv-1.0.31.tgz",
      "integrity": "sha512-UCAVZdwd2NkrbkF1lZu9vzTlmUENRRrPCubyhDPlG8Ye1B8Xr2PNvk/Tp8tMm6sPoWZWagri6/P9H+t7WqkGDg=="
    },
    "@types/d3-ease": {
      "version": "1.0.7",
      "resolved": "https://registry.npmjs.org/@types/d3-ease/-/d3-ease-1.0.7.tgz",
      "integrity": "sha1-k6MBhovp4VBh89RDQ7GrP4rLbwk="
    },
    "@types/d3-fetch": {
      "version": "1.1.1",
      "resolved": "https://registry.npmjs.org/@types/d3-fetch/-/d3-fetch-1.1.1.tgz",
      "integrity": "sha512-JR90CSdyI/7KEonCW4CWUmcNr/uFOwHsCHOxypq00R4vMz9GB2TKpm2KS2Und71w7+WNzwoxd47Bu53+/aGtNw==",
      "requires": {
        "@types/d3-dsv": "1.0.31"
      }
    },
    "@types/d3-force": {
      "version": "1.1.0",
      "resolved": "https://registry.npmjs.org/@types/d3-force/-/d3-force-1.1.0.tgz",
      "integrity": "sha512-a39Uu/ltLaMpj6K0elEB1oAqhx9rlTB5X/O75uTUqyTW2CfjhPXg6hFsX1lF8oeMc29kqGJZ4g9Pf6mET25bVw=="
    },
    "@types/d3-format": {
      "version": "1.2.1",
      "resolved": "https://registry.npmjs.org/@types/d3-format/-/d3-format-1.2.1.tgz",
      "integrity": "sha512-dXhA9jzCbzu6Va8ZVUQ60nu6jqA5vhPhKGR4nY3lDYfjT05GyKEKuEhfwTaSTybWczY4nLEkzv9wLQCQd5+3cA=="
    },
    "@types/d3-geo": {
      "version": "1.10.0",
      "resolved": "https://registry.npmjs.org/@types/d3-geo/-/d3-geo-1.10.0.tgz",
      "integrity": "sha512-cUdeIcK2scvFBAwysPV6Y9ioflhD3RYjZw41m9vEDvFCZWuRI0Xax5LR/Vz0ohet0JbAfF/r69R8HoN3hv5IJg==",
      "requires": {
        "@types/geojson": "7946.0.2"
      }
    },
    "@types/d3-hierarchy": {
      "version": "1.1.0",
      "resolved": "https://registry.npmjs.org/@types/d3-hierarchy/-/d3-hierarchy-1.1.0.tgz",
      "integrity": "sha1-UPHuBShAY4A1y91KyrH8NHCQWQc="
    },
    "@types/d3-interpolate": {
      "version": "1.1.6",
      "resolved": "https://registry.npmjs.org/@types/d3-interpolate/-/d3-interpolate-1.1.6.tgz",
      "integrity": "sha1-ZAQbFcnAMsNI2hsiuqvFn6TRYTY=",
      "requires": {
        "@types/d3-color": "1.0.5"
      }
    },
    "@types/d3-path": {
      "version": "1.0.6",
      "resolved": "https://registry.npmjs.org/@types/d3-path/-/d3-path-1.0.6.tgz",
      "integrity": "sha512-YHW4cs+wOU9gFUzudjJs9TkrB/8GOgKhq32ZyNaZ2rzZjOhkqG486sGr9XSh4C91CcgIg1FRGoDaN29Ropx9nw=="
    },
    "@types/d3-polygon": {
      "version": "1.0.5",
      "resolved": "https://registry.npmjs.org/@types/d3-polygon/-/d3-polygon-1.0.5.tgz",
      "integrity": "sha1-Na1U7YTDnX6fElK2U1vmAL5srOI="
    },
    "@types/d3-quadtree": {
      "version": "1.0.5",
      "resolved": "https://registry.npmjs.org/@types/d3-quadtree/-/d3-quadtree-1.0.5.tgz",
      "integrity": "sha1-HOHmWerkUw3wyxJ/KX8XQaNnqC4="
    },
    "@types/d3-random": {
      "version": "1.1.0",
      "resolved": "https://registry.npmjs.org/@types/d3-random/-/d3-random-1.1.0.tgz",
      "integrity": "sha1-LdCPEVnHBxknDkp8g0r4XIuI0sM="
    },
    "@types/d3-scale": {
      "version": "2.0.0",
      "resolved": "https://registry.npmjs.org/@types/d3-scale/-/d3-scale-2.0.0.tgz",
      "integrity": "sha512-fFLSdP3p9qQQ3W6ouO3GBI4Qg94CSykTWVc61U8SI1V62dfBWtOigBj5voxDcOniwh9MjKzTHldMSsGJ5qAFpA==",
      "requires": {
        "@types/d3-time": "1.0.7"
      }
    },
    "@types/d3-scale-chromatic": {
      "version": "1.2.0",
      "resolved": "https://registry.npmjs.org/@types/d3-scale-chromatic/-/d3-scale-chromatic-1.2.0.tgz",
      "integrity": "sha512-bhS2SVzUzRtrxp1REhGCfHmj8pyDv9oDmsonYiPvBl8KCxPJTxnfXBF39PzAJrYnRKM41TR0kQzsJvL+NmcDtg=="
    },
    "@types/d3-selection": {
      "version": "1.3.0",
      "resolved": "https://registry.npmjs.org/@types/d3-selection/-/d3-selection-1.3.0.tgz",
      "integrity": "sha512-1SJhi3kTk/SHHIE6XkHuHU2REYkbSOjkQuo3HT71FOTs8/tjeGcvtXMsX4N3kU1UE1nVG+A5pg7TSjuJ4zUN3A=="
    },
    "@types/d3-shape": {
      "version": "1.2.2",
      "resolved": "https://registry.npmjs.org/@types/d3-shape/-/d3-shape-1.2.2.tgz",
      "integrity": "sha512-Ydksrces8J5WP/NXhZ/CcDx/XZZ8b7MDX+u6WGQXwEWfmimJn9eYHiD7QR4BLe3zBiAOQmmiGAwRBKUDp5zb1g==",
      "requires": {
        "@types/d3-path": "1.0.6"
      }
    },
    "@types/d3-time": {
      "version": "1.0.7",
      "resolved": "https://registry.npmjs.org/@types/d3-time/-/d3-time-1.0.7.tgz",
      "integrity": "sha512-X5ZQYiJIM38XygNwld4gZ++Vtw2ftgo3KOfZOY4n/sCudUxclxf/3THBvuG8UqSV+EQ0ezYjT5eyvcrrmixOWA=="
    },
    "@types/d3-time-format": {
      "version": "2.1.0",
      "resolved": "https://registry.npmjs.org/@types/d3-time-format/-/d3-time-format-2.1.0.tgz",
      "integrity": "sha512-/myT3I7EwlukNOX2xVdMzb8FRgNzRMpsZddwst9Ld/VFe6LyJyRp0s32l/V9XoUzk+Gqu56F/oGk6507+8BxrA=="
    },
    "@types/d3-timer": {
      "version": "1.0.6",
      "resolved": "https://registry.npmjs.org/@types/d3-timer/-/d3-timer-1.0.6.tgz",
      "integrity": "sha1-eG1OIHMa3wOvLF32yG/ilmf+Qps="
    },
    "@types/d3-transition": {
      "version": "1.1.1",
      "resolved": "https://registry.npmjs.org/@types/d3-transition/-/d3-transition-1.1.1.tgz",
      "integrity": "sha512-GHTghl0YYB8gGgbyKxVLHyAp9Na0HqsX2U7M0u0lGw4IdfEaslooykweZ8fDHW13T+KZeZAuzhbmqBZVFO+6kg==",
      "requires": {
        "@types/d3-selection": "1.3.0"
      }
    },
    "@types/d3-voronoi": {
      "version": "1.1.7",
      "resolved": "https://registry.npmjs.org/@types/d3-voronoi/-/d3-voronoi-1.1.7.tgz",
      "integrity": "sha512-/dHFLK5jhXTb/W4XEQcFydVk8qlIAo85G3r7+N2fkBFw190l0R1GQ8C1VPeXBb2GfSU5GbT2hjlnE7i7UY5Gvg=="
    },
    "@types/d3-zoom": {
      "version": "1.7.0",
      "resolved": "https://registry.npmjs.org/@types/d3-zoom/-/d3-zoom-1.7.0.tgz",
      "integrity": "sha512-eIivt2ehMUXqS0guuVzRSMr5RGhO958g9EKxIJv3Z23suPnX4VQI9k1TC/bLuwKq0IWp9a1bEEcIy+PNJv9BtA==",
      "requires": {
        "@types/d3-interpolate": "1.1.6",
        "@types/d3-selection": "1.3.0"
      }
    },
    "@types/geojson": {
      "version": "7946.0.2",
      "resolved": "https://registry.npmjs.org/@types/geojson/-/geojson-7946.0.2.tgz",
      "integrity": "sha512-JuRe9eeID7XvL7viIcFqIAAXDLfyRcImIWE/XjBIhrUZjxX5z4fLcF3QXS9zYnvIn8mmtW/7OxDV3XC8QMb7OA=="
    },
    "@types/jquery": {
      "version": "3.3.1",
      "resolved": "https://registry.npmjs.org/@types/jquery/-/jquery-3.3.1.tgz",
      "integrity": "sha512-N3h+rzN518yl2xKrW0o6KKdNmWZ+OwG6SoM5TBEQFF0tTv5wXPEsoOuYQ2Kt3/89XbcSZUJLdjiT/2c3BR/ApQ=="
    },
    "ansi-font": {
      "version": "0.0.2",
      "resolved": "https://registry.npmjs.org/ansi-font/-/ansi-font-0.0.2.tgz",
      "integrity": "sha1-iQMBvVhBRi/TnAt3Ca/R9SUUMzE="
    },
    "commander": {
      "version": "2.15.1",
      "resolved": "https://registry.npmjs.org/commander/-/commander-2.15.1.tgz",
      "integrity": "sha512-VlfT9F3V0v+jr4yxPc5gg9s62/fIVWsd2Bk2iD435um1NlGMYdVCq+MjcXnhYq2icNOizHr1kK+5TI6H0Hy0ag=="
    },
    "commonjs": {
      "version": "0.0.1",
      "resolved": "https://registry.npmjs.org/commonjs/-/commonjs-0.0.1.tgz",
      "integrity": "sha1-ZcUx3P9lZcp8ld38lmIricwClNU=",
      "requires": {
        "system": "2.0.1",
        "test": "0.6.0"
      }
    },
    "d3": {
      "version": "5.0.0",
      "resolved": "https://registry.npmjs.org/d3/-/d3-5.0.0.tgz",
      "integrity": "sha512-JAuq1vvO8AQnAvZ5Gi3OsUWAoB1dOZlIQZEcj+JzEnafmwLlrWcW24o5I7fM9x+tsrZpsi8n9L12iHyHr0HTlg==",
      "requires": {
        "d3-array": "1.2.1",
        "d3-axis": "1.0.8",
        "d3-brush": "1.0.4",
        "d3-chord": "1.0.4",
        "d3-collection": "1.0.4",
        "d3-color": "1.0.3",
        "d3-contour": "1.2.0",
        "d3-dispatch": "1.0.3",
        "d3-drag": "1.2.1",
        "d3-dsv": "1.0.8",
        "d3-ease": "1.0.3",
        "d3-fetch": "1.1.0",
        "d3-force": "1.1.0",
        "d3-format": "1.2.2",
        "d3-geo": "1.10.0",
        "d3-hierarchy": "1.1.5",
        "d3-interpolate": "1.1.6",
        "d3-path": "1.0.5",
        "d3-polygon": "1.0.3",
        "d3-quadtree": "1.0.3",
        "d3-random": "1.1.0",
        "d3-scale": "2.0.0",
        "d3-scale-chromatic": "1.2.0",
        "d3-selection": "1.3.0",
        "d3-shape": "1.2.0",
        "d3-time": "1.0.8",
        "d3-time-format": "2.1.1",
        "d3-timer": "1.0.7",
        "d3-transition": "1.1.1",
        "d3-voronoi": "1.1.2",
        "d3-zoom": "1.7.1"
      }
    },
    "d3-array": {
      "version": "1.2.1",
      "resolved": "https://registry.npmjs.org/d3-array/-/d3-array-1.2.1.tgz",
      "integrity": "sha512-CyINJQ0SOUHojDdFDH4JEM0552vCR1utGyLHegJHyYH0JyCpSeTPxi4OBqHMA2jJZq4NH782LtaJWBImqI/HBw=="
    },
    "d3-axis": {
      "version": "1.0.8",
      "resolved": "https://registry.npmjs.org/d3-axis/-/d3-axis-1.0.8.tgz",
      "integrity": "sha1-MacFoLU15ldZ3hQXOjGTMTfxjvo="
    },
    "d3-brush": {
      "version": "1.0.4",
      "resolved": "https://registry.npmjs.org/d3-brush/-/d3-brush-1.0.4.tgz",
      "integrity": "sha1-AMLyOAGfJPbAoZSibUGhUw/+e8Q=",
      "requires": {
        "d3-dispatch": "1.0.3",
        "d3-drag": "1.2.1",
        "d3-interpolate": "1.1.6",
        "d3-selection": "1.3.0",
        "d3-transition": "1.1.1"
      }
    },
    "d3-chord": {
      "version": "1.0.4",
      "resolved": "https://registry.npmjs.org/d3-chord/-/d3-chord-1.0.4.tgz",
      "integrity": "sha1-fexPC6iG9xP+ERxF92NBT290yiw=",
      "requires": {
        "d3-array": "1.2.1",
        "d3-path": "1.0.5"
      }
    },
    "d3-collection": {
      "version": "1.0.4",
      "resolved": "https://registry.npmjs.org/d3-collection/-/d3-collection-1.0.4.tgz",
      "integrity": "sha1-NC39EoN8kJdPM/HMCnha6lcNzcI="
    },
    "d3-color": {
      "version": "1.0.3",
      "resolved": "https://registry.npmjs.org/d3-color/-/d3-color-1.0.3.tgz",
      "integrity": "sha1-vHZD/KjlOoNH4vva/6I2eWtYUJs="
    },
    "d3-contour": {
      "version": "1.2.0",
      "resolved": "https://registry.npmjs.org/d3-contour/-/d3-contour-1.2.0.tgz",
      "integrity": "sha512-nDzZ2KDnrgTrhMjV8TH0RNrljk6uPNAGkG/v/1SKNVvJa2JU8szjh7o2ZYTX8yufA2oCI5HyeMqbzwiB+oDoIA==",
      "requires": {
        "d3-array": "1.2.1"
      }
    },
    "d3-dispatch": {
      "version": "1.0.3",
      "resolved": "https://registry.npmjs.org/d3-dispatch/-/d3-dispatch-1.0.3.tgz",
      "integrity": "sha1-RuFJHqqbWMNY/OW+TovtYm54cfg="
    },
    "d3-drag": {
      "version": "1.2.1",
      "resolved": "https://registry.npmjs.org/d3-drag/-/d3-drag-1.2.1.tgz",
      "integrity": "sha512-Cg8/K2rTtzxzrb0fmnYOUeZHvwa4PHzwXOLZZPwtEs2SKLLKLXeYwZKBB+DlOxUvFmarOnmt//cU4+3US2lyyQ==",
      "requires": {
        "d3-dispatch": "1.0.3",
        "d3-selection": "1.3.0"
      }
    },
    "d3-dsv": {
      "version": "1.0.8",
      "resolved": "https://registry.npmjs.org/d3-dsv/-/d3-dsv-1.0.8.tgz",
      "integrity": "sha512-IVCJpQ+YGe3qu6odkPQI0KPqfxkhbP/oM1XhhE/DFiYmcXKfCRub4KXyiuehV1d4drjWVXHUWx4gHqhdZb6n/A==",
      "requires": {
        "commander": "2.15.1",
        "iconv-lite": "0.4.21",
        "rw": "1.3.3"
      }
    },
    "d3-ease": {
      "version": "1.0.3",
      "resolved": "https://registry.npmjs.org/d3-ease/-/d3-ease-1.0.3.tgz",
      "integrity": "sha1-aL+8NJM4o4DETYrMT7wzBKotjA4="
    },
    "d3-fetch": {
      "version": "1.1.0",
      "resolved": "https://registry.npmjs.org/d3-fetch/-/d3-fetch-1.1.0.tgz",
      "integrity": "sha512-j+V4vtT6dceQbcKYLtpTueB8Zvc+wb9I93WaFtEQIYNADXl0c1ZJMN3qQo0CssiTsAqK8pePwc7f4qiW+b0WOg==",
      "requires": {
        "d3-dsv": "1.0.8"
      }
    },
    "d3-force": {
      "version": "1.1.0",
      "resolved": "https://registry.npmjs.org/d3-force/-/d3-force-1.1.0.tgz",
      "integrity": "sha512-2HVQz3/VCQs0QeRNZTYb7GxoUCeb6bOzMp/cGcLa87awY9ZsPvXOGeZm0iaGBjXic6I1ysKwMn+g+5jSAdzwcg==",
      "requires": {
        "d3-collection": "1.0.4",
        "d3-dispatch": "1.0.3",
        "d3-quadtree": "1.0.3",
        "d3-timer": "1.0.7"
      }
    },
    "d3-format": {
      "version": "1.2.2",
      "resolved": "https://registry.npmjs.org/d3-format/-/d3-format-1.2.2.tgz",
      "integrity": "sha512-zH9CfF/3C8zUI47nsiKfD0+AGDEuM8LwBIP7pBVpyR4l/sKkZqITmMtxRp04rwBrlshIZ17XeFAaovN3++wzkw=="
    },
    "d3-geo": {
      "version": "1.10.0",
      "resolved": "https://registry.npmjs.org/d3-geo/-/d3-geo-1.10.0.tgz",
      "integrity": "sha512-VK/buVGgexthTTqGRNXQ/LSo3EbOFu4p2Pjud5drSIaEnOaF2moc8A3P7WEljEO1JEBEwbpAJjFWMuJiUtoBcw==",
      "requires": {
        "d3-array": "1.2.1"
      }
    },
    "d3-hierarchy": {
      "version": "1.1.5",
      "resolved": "https://registry.npmjs.org/d3-hierarchy/-/d3-hierarchy-1.1.5.tgz",
      "integrity": "sha1-ochFxC+Eoga88cAcAQmOpN2qeiY="
    },
    "d3-interpolate": {
      "version": "1.1.6",
      "resolved": "https://registry.npmjs.org/d3-interpolate/-/d3-interpolate-1.1.6.tgz",
      "integrity": "sha512-mOnv5a+pZzkNIHtw/V6I+w9Lqm9L5bG3OTXPM5A+QO0yyVMQ4W1uZhR+VOJmazaOZXri2ppbiZ5BUNWT0pFM9A==",
      "requires": {
        "d3-color": "1.0.3"
      }
    },
    "d3-path": {
      "version": "1.0.5",
      "resolved": "https://registry.npmjs.org/d3-path/-/d3-path-1.0.5.tgz",
      "integrity": "sha1-JB6xhJvZ6egCHA0KeZ+KDo5EF2Q="
    },
    "d3-polygon": {
      "version": "1.0.3",
      "resolved": "https://registry.npmjs.org/d3-polygon/-/d3-polygon-1.0.3.tgz",
      "integrity": "sha1-FoiOkCZGCTPysXllKtN4Ik04LGI="
    },
    "d3-quadtree": {
      "version": "1.0.3",
      "resolved": "https://registry.npmjs.org/d3-quadtree/-/d3-quadtree-1.0.3.tgz",
      "integrity": "sha1-rHmH4+I/6AWpkPKOG1DTj8uCJDg="
    },
    "d3-random": {
      "version": "1.1.0",
      "resolved": "https://registry.npmjs.org/d3-random/-/d3-random-1.1.0.tgz",
      "integrity": "sha1-ZkLlBsb6OmSFldKyRpeIqNElKdM="
    },
    "d3-scale": {
      "version": "2.0.0",
      "resolved": "https://registry.npmjs.org/d3-scale/-/d3-scale-2.0.0.tgz",
      "integrity": "sha512-Sa2Ny6CoJT7x6dozxPnvUQT61epGWsgppFvnNl8eJEzfJBG0iDBBTJAtz2JKem7Mb+NevnaZiDiIDHsuWkv6vg==",
      "requires": {
        "d3-array": "1.2.1",
        "d3-collection": "1.0.4",
        "d3-format": "1.2.2",
        "d3-interpolate": "1.1.6",
        "d3-time": "1.0.8",
        "d3-time-format": "2.1.1"
      }
    },
    "d3-scale-chromatic": {
      "version": "1.2.0",
      "resolved": "https://registry.npmjs.org/d3-scale-chromatic/-/d3-scale-chromatic-1.2.0.tgz",
      "integrity": "sha512-qQUhLi8fPe/F0b0M46C6eFUbms5IIMHuhJ5DKjjzBUvm1b6aPtygJzGbrMdMUD/ckLBq+NdWwHeN2cpMDp4Q5Q==",
      "requires": {
        "d3-color": "1.0.3",
        "d3-interpolate": "1.1.6"
      }
    },
    "d3-selection": {
      "version": "1.3.0",
      "resolved": "https://registry.npmjs.org/d3-selection/-/d3-selection-1.3.0.tgz",
      "integrity": "sha512-qgpUOg9tl5CirdqESUAu0t9MU/t3O9klYfGfyKsXEmhyxyzLpzpeh08gaxBUTQw1uXIOkr/30Ut2YRjSSxlmHA=="
    },
    "d3-shape": {
      "version": "1.2.0",
      "resolved": "https://registry.npmjs.org/d3-shape/-/d3-shape-1.2.0.tgz",
      "integrity": "sha1-RdAVOPBkuv0F6j1tLLdI/YxB93c=",
      "requires": {
        "d3-path": "1.0.5"
      }
    },
    "d3-time": {
      "version": "1.0.8",
      "resolved": "https://registry.npmjs.org/d3-time/-/d3-time-1.0.8.tgz",
      "integrity": "sha512-YRZkNhphZh3KcnBfitvF3c6E0JOFGikHZ4YqD+Lzv83ZHn1/u6yGenRU1m+KAk9J1GnZMnKcrtfvSktlA1DXNQ=="
    },
    "d3-time-format": {
      "version": "2.1.1",
      "resolved": "https://registry.npmjs.org/d3-time-format/-/d3-time-format-2.1.1.tgz",
      "integrity": "sha512-8kAkymq2WMfzW7e+s/IUNAtN/y3gZXGRrdGfo6R8NKPAA85UBTxZg5E61bR6nLwjPjj4d3zywSQe1CkYLPFyrw==",
      "requires": {
        "d3-time": "1.0.8"
      }
    },
    "d3-timer": {
      "version": "1.0.7",
      "resolved": "https://registry.npmjs.org/d3-timer/-/d3-timer-1.0.7.tgz",
      "integrity": "sha512-vMZXR88XujmG/L5oB96NNKH5lCWwiLM/S2HyyAQLcjWJCloK5shxta4CwOFYLZoY3AWX73v8Lgv4cCAdWtRmOA=="
    },
    "d3-transition": {
      "version": "1.1.1",
      "resolved": "https://registry.npmjs.org/d3-transition/-/d3-transition-1.1.1.tgz",
      "integrity": "sha512-xeg8oggyQ+y5eb4J13iDgKIjUcEfIOZs2BqV/eEmXm2twx80wTzJ4tB4vaZ5BKfz7XsI/DFmQL5me6O27/5ykQ==",
      "requires": {
        "d3-color": "1.0.3",
        "d3-dispatch": "1.0.3",
        "d3-ease": "1.0.3",
        "d3-interpolate": "1.1.6",
        "d3-selection": "1.3.0",
        "d3-timer": "1.0.7"
      }
    },
    "d3-voronoi": {
      "version": "1.1.2",
      "resolved": "https://registry.npmjs.org/d3-voronoi/-/d3-voronoi-1.1.2.tgz",
      "integrity": "sha1-Fodmfo8TotFYyAwUgMWinLDYlzw="
    },
    "d3-zoom": {
      "version": "1.7.1",
      "resolved": "https://registry.npmjs.org/d3-zoom/-/d3-zoom-1.7.1.tgz",
      "integrity": "sha512-sZHQ55DGq5BZBFGnRshUT8tm2sfhPHFnOlmPbbwTkAoPeVdRTkB4Xsf9GCY0TSHrTD8PeJPZGmP/TpGicwJDJQ==",
      "requires": {
        "d3-dispatch": "1.0.3",
        "d3-drag": "1.2.1",
        "d3-interpolate": "1.1.6",
        "d3-selection": "1.3.0",
        "d3-transition": "1.1.1"
      }
    },
    "iconv-lite": {
      "version": "0.4.21",
      "resolved": "https://registry.npmjs.org/iconv-lite/-/iconv-lite-0.4.21.tgz",
      "integrity": "sha512-En5V9za5mBt2oUA03WGD3TwDv0MKAruqsuxstbMUZaj9W9k/m1CV/9py3l0L5kw9Bln8fdHQmzHSYtvpvTLpKw==",
      "requires": {
        "safer-buffer": "2.1.2"
      }
    },
    "requirejs": {
      "version": "2.3.5",
      "resolved": "https://registry.npmjs.org/requirejs/-/requirejs-2.3.5.tgz",
      "integrity": "sha512-svnO+aNcR/an9Dpi44C7KSAy5fFGLtmPbaaCeQaklUz8BQhS64tWWIIlvEA5jrWICzlO/X9KSzSeXFnZdBu8nw=="
    },
    "rw": {
      "version": "1.3.3",
      "resolved": "https://registry.npmjs.org/rw/-/rw-1.3.3.tgz",
      "integrity": "sha1-P4Yt+pGrdmsUiF700BEkv9oHT7Q="
    },
    "safer-buffer": {
      "version": "2.1.2",
      "resolved": "https://registry.npmjs.org/safer-buffer/-/safer-buffer-2.1.2.tgz",
      "integrity": "sha512-YZo3K82SD7Riyi0E1EQPojLz7kpepnSQI9IyPbHHg1XXXevb5dJI7tpyN2ADxGcQbHG7vcyRHk0cbwqcQriUtg=="
    },
    "system": {
      "version": "2.0.1",
      "resolved": "https://registry.npmjs.org/system/-/system-2.0.1.tgz",
      "integrity": "sha512-BwSUSa8LMHZouGadZ34ck3TsrH5s3oMmTKPK+xHdbBnTCZOZMJ38fHGKLAHkBl0PXru1Z4BsymQU4qqvTxWzdQ=="
    },
    "test": {
      "version": "0.6.0",
      "resolved": "https://registry.npmjs.org/test/-/test-0.6.0.tgz",
      "integrity": "sha1-WYasRF7Bd1QyJRLRBLoyyKY+k44=",
      "requires": {
        "ansi-font": "0.0.2"
      }
    },
    "typescript": {
      "version": "2.8.1",
      "resolved": "https://registry.npmjs.org/typescript/-/typescript-2.8.1.tgz",
      "integrity": "sha512-Ao/f6d/4EPLq0YwzsQz8iXflezpTkQzqAyenTiw4kCUGr1uPiFLC3+fZ+gMZz6eeI/qdRUqvC+HxIJzUAzEFdg=="
    }
  }
}
